
Microsoft Visual Studio Solution File, Format Version 12.00
# Visual Studio Version 17
VisualStudioVersion = 17.7.34221.43
MinimumVisualStudioVersion = 10.0.40219.1
Project("{2150E333-8FDC-42A3-9474-1A3956D46DE8}") = "01.Core", "01.Core", "{F480A472-888A-4242-84FA-B7DE347EEC7A}"
EndProject
Project("{2150E333-8FDC-42A3-9474-1A3956D46DE8}") = "02.DataAcces", "02.DataAcces", "{A08EF75B-F1BC-4CFF-BAB1-EE4D06ABBB32}"
EndProject
Project("{2150E333-8FDC-42A3-9474-1A3956D46DE8}") = "03.Business", "03.Business", "{FC45125B-9798-44A3-AC1B-CFE459466B91}"
EndProject
Project("{2150E333-8FDC-42A3-9474-1A3956D46DE8}") = "04.Workflow", "04.Workflow", "{FC09FEE0-F081-463E-977F-F5534C9F51E5}"
EndProject
Project("{2150E333-8FDC-42A3-9474-1A3956D46DE8}") = "05.UI", "05.UI", "{08080F32-7ED1-46C2-9BBB-A65FD263EF39}"
EndProject
Project("{FAE04EC0-301F-11D3-BF4B-00C04F79EFBC}") = "SGCA.Workflow", "SGCA.Workflow\SGCA.Workflow.csproj", "{96B0B68E-7B6B-4589-BE64-67274A3FD2EE}"
EndProject
Project("{FAE04EC0-301F-11D3-BF4B-00C04F79EFBC}") = "SGCA.UI.Console", "SGCA.UI.Console\SGCA.UI.Console.csproj", "{F8077997-A082-4762-BE15-9C129C274CEC}"
EndProject
Project("{FAE04EC0-301F-11D3-BF4B-00C04F79EFBC}") = "SGCA.DataAcces.GCode", "SGCA.DataAcces.GCode\SGCA.DataAcces.GCode.csproj", "{590E6495-76C6-4E3E-AAA0-1FD8DDE745BB}"
EndProject
Project("{FAE04EC0-301F-11D3-BF4B-00C04F79EFBC}") = "SGCA.Business.Analyse", "SGCA.Business.Analyse\SGCA.Business.Analyse.csproj", "{77CCCFE0-D799-42EE-9072-08676D101EFC}"
EndProject
Global
	GlobalSection(SolutionConfigurationPlatforms) = preSolution
		Debug|Any CPU = Debug|Any CPU
		Release|Any CPU = Release|Any CPU
	EndGlobalSection
	GlobalSection(ProjectConfigurationPlatforms) = postSolution
		{96B0B68E-7B6B-4589-BE64-67274A3FD2EE}.Debug|Any CPU.ActiveCfg = Debug|Any CPU
		{96B0B68E-7B6B-4589-BE64-67274A3FD2EE}.Debug|Any CPU.Build.0 = Debug|Any CPU
		{96B0B68E-7B6B-4589-BE64-67274A3FD2EE}.Release|Any CPU.ActiveCfg = Release|Any CPU
		{96B0B68E-7B6B-4589-BE64-67274A3FD2EE}.Release|Any CPU.Build.0 = Release|Any CPU
		{F8077997-A082-4762-BE15-9C129C274CEC}.Debug|Any CPU.ActiveCfg = Debug|Any CPU
		{F8077997-A082-4762-BE15-9C129C274CEC}.Debug|Any CPU.Build.0 = Debug|Any CPU
		{F8077997-A082-4762-BE15-9C129C274CEC}.Release|Any CPU.ActiveCfg = Release|Any CPU
		{F8077997-A082-4762-BE15-9C129C274CEC}.Release|Any CPU.Build.0 = Release|Any CPU
		{590E6495-76C6-4E3E-AAA0-1FD8DDE745BB}.Debug|Any CPU.ActiveCfg = Debug|Any CPU
		{590E6495-76C6-4E3E-AAA0-1FD8DDE745BB}.Debug|Any CPU.Build.0 = Debug|Any CPU
		{590E6495-76C6-4E3E-AAA0-1FD8DDE745BB}.Release|Any CPU.ActiveCfg = Release|Any CPU
		{590E6495-76C6-4E3E-AAA0-1FD8DDE745BB}.Release|Any CPU.Build.0 = Release|Any CPU
		{77CCCFE0-D799-42EE-9072-08676D101EFC}.Debug|Any CPU.ActiveCfg = Debug|Any CPU
		{77CCCFE0-D799-42EE-9072-08676D101EFC}.Debug|Any CPU.Build.0 = Debug|Any CPU
		{77CCCFE0-D799-42EE-9072-08676D101EFC}.Release|Any CPU.ActiveCfg = Release|Any CPU
		{77CCCFE0-D799-42EE-9072-08676D101EFC}.Release|Any CPU.Build.0 = Release|Any CPU
	EndGlobalSection
	GlobalSection(SolutionProperties) = preSolution
		HideSolutionNode = FALSE
	EndGlobalSection
	GlobalSection(NestedProjects) = preSolution
		{96B0B68E-7B6B-4589-BE64-67274A3FD2EE} = {FC09FEE0-F081-463E-977F-F5534C9F51E5}
		{F8077997-A082-4762-BE15-9C129C274CEC} = {08080F32-7ED1-46C2-9BBB-A65FD263EF39}
		{590E6495-76C6-4E3E-AAA0-1FD8DDE745BB} = {A08EF75B-F1BC-4CFF-BAB1-EE4D06ABBB32}
		{77CCCFE0-D799-42EE-9072-08676D101EFC} = {FC45125B-9798-44A3-AC1B-CFE459466B91}
	EndGlobalSection
	GlobalSection(ExtensibilityGlobals) = postSolution
		SolutionGuid = {A0030FDA-92F3-476E-AC11-2CFC1698241E}
	EndGlobalSection
EndGlobal
